
Microsoft Visual Studio Solution File, Format Version 12.00
Project("{FAE04EC0-301F-11D3-BF4B-00C04F79EFBC}") = "UniversityApp", "UniversityApp.csproj", "{6A82B316-2275-4551-AEBC-793C2CACA25F}"
EndProject
Global
	GlobalSection(SolutionConfigurationPlatforms) = preSolution
		Debug|Any CPU = Debug|Any CPU
		Release|Any CPU = Release|Any CPU
	EndGlobalSection
	GlobalSection(ProjectConfigurationPlatforms) = postSolution
		{6A82B316-2275-4551-AEBC-793C2CACA25F}.Debug|Any CPU.ActiveCfg = Debug|Any CPU
		{6A82B316-2275-4551-AEBC-793C2CACA25F}.Debug|Any CPU.Build.0 = Debug|Any CPU
		{6A82B316-2275-4551-AEBC-793C2CACA25F}.Release|Any CPU.ActiveCfg = Release|Any CPU
		{6A82B316-2275-4551-AEBC-793C2CACA25F}.Release|Any CPU.Build.0 = Release|Any CPU
	EndGlobalSection
EndGlobal
